
Microsoft Visual Studio Solution File, Format Version 12.00
# Visual Studio Version 16
VisualStudioVersion = 16.0.31005.135
MinimumVisualStudioVersion = 10.0.40219.1
Project("{8BC9CEB8-8B4A-11D0-8D11-00A0C91BC942}") = "JoyECS", "JoyECS\JoyECS.vcxproj", "{E1FD184C-3F9E-4BA1-9B5E-071BBE9F2B70}"
	ProjectSection(ProjectDependencies) = postProject
		{0DB28885-57CA-4C81-A1C8-FEF70AF7B68A} = {0DB28885-57CA-4C81-A1C8-FEF70AF7B68A}
	EndProjectSection
EndProject
Project("{2150E333-8FDC-42A3-9474-1A3956D46DE8}") = "3rd", "3rd", "{ACC014A4-8327-405C-A77D-0FD87AE0BF58}"
EndProject
Project("{8BC9CEB8-8B4A-11D0-8D11-00A0C91BC942}") = "RestorableScene", "3rd\restorablescene\RestorableScene\RestorableScene.vcxproj", "{0DB28885-57CA-4C81-A1C8-FEF70AF7B68A}"
EndProject
Global
	GlobalSection(SolutionConfigurationPlatforms) = preSolution
		Debug|x64 = Debug|x64
		Debug|x86 = Debug|x86
		Release|x64 = Release|x64
		Release|x86 = Release|x86
	EndGlobalSection
	GlobalSection(ProjectConfigurationPlatforms) = postSolution
		{E1FD184C-3F9E-4BA1-9B5E-071BBE9F2B70}.Debug|x64.ActiveCfg = Debug|x64
		{E1FD184C-3F9E-4BA1-9B5E-071BBE9F2B70}.Debug|x64.Build.0 = Debug|x64
		{E1FD184C-3F9E-4BA1-9B5E-071BBE9F2B70}.Debug|x86.ActiveCfg = Debug|Win32
		{E1FD184C-3F9E-4BA1-9B5E-071BBE9F2B70}.Debug|x86.Build.0 = Debug|Win32
		{E1FD184C-3F9E-4BA1-9B5E-071BBE9F2B70}.Release|x64.ActiveCfg = Release|x64
		{E1FD184C-3F9E-4BA1-9B5E-071BBE9F2B70}.Release|x64.Build.0 = Release|x64
		{E1FD184C-3F9E-4BA1-9B5E-071BBE9F2B70}.Release|x86.ActiveCfg = Release|Win32
		{E1FD184C-3F9E-4BA1-9B5E-071BBE9F2B70}.Release|x86.Build.0 = Release|Win32
		{0DB28885-57CA-4C81-A1C8-FEF70AF7B68A}.Debug|x64.ActiveCfg = Debug|x64
		{0DB28885-57CA-4C81-A1C8-FEF70AF7B68A}.Debug|x64.Build.0 = Debug|x64
		{0DB28885-57CA-4C81-A1C8-FEF70AF7B68A}.Debug|x86.ActiveCfg = Debug|Win32
		{0DB28885-57CA-4C81-A1C8-FEF70AF7B68A}.Debug|x86.Build.0 = Debug|Win32
		{0DB28885-57CA-4C81-A1C8-FEF70AF7B68A}.Release|x64.ActiveCfg = Release|x64
		{0DB28885-57CA-4C81-A1C8-FEF70AF7B68A}.Release|x64.Build.0 = Release|x64
		{0DB28885-57CA-4C81-A1C8-FEF70AF7B68A}.Release|x86.ActiveCfg = Release|Win32
		{0DB28885-57CA-4C81-A1C8-FEF70AF7B68A}.Release|x86.Build.0 = Release|Win32
	EndGlobalSection
	GlobalSection(SolutionProperties) = preSolution
		HideSolutionNode = FALSE
	EndGlobalSection
	GlobalSection(NestedProjects) = preSolution
		{0DB28885-57CA-4C81-A1C8-FEF70AF7B68A} = {ACC014A4-8327-405C-A77D-0FD87AE0BF58}
	EndGlobalSection
	GlobalSection(ExtensibilityGlobals) = postSolution
		SolutionGuid = {FB5D3736-3B17-4782-836C-D183493D5E4C}
	EndGlobalSection
EndGlobal
