<?xml version="1.0" encoding="utf-8"?>
<Project ToolsVersion="4.0" xmlns="http://schemas.microsoft.com/developer/msbuild/2003">
  <ItemGroup>
    <Filter Include="源文件">
      <UniqueIdentifier>{4FC737F1-C7A5-4376-A066-2A32D752A2FF}</UniqueIdentifier>
      <Extensions>cpp;c;cc;cxx;c++;cppm;ixx;def;odl;idl;hpj;bat;asm;asmx</Extensions>
    </Filter>
    <Filter Include="头文件">
      <UniqueIdentifier>{93995380-89BD-4b04-88EB-625FBE52EBFB}</UniqueIdentifier>
      <Extensions>h;hh;hpp;hxx;h++;hm;inl;inc;ipp;xsd</Extensions>
    </Filter>
    <Filter Include="资源文件">
      <UniqueIdentifier>{67DA6AB6-F800-4c08-8B7A-83BB121AAD01}</UniqueIdentifier>
      <Extensions>rc;ico;cur;bmp;dlg;rc2;rct;bin;rgs;gif;jpg;jpeg;jpe;resx;tiff;tif;png;wav;mfcribbon-ms</Extensions>
    </Filter>
    <Filter Include="basic">
      <UniqueIdentifier>{8b6f66ad-3cdc-4892-88ef-af7e2f82d8f6}</UniqueIdentifier>
    </Filter>
    <Filter Include="core">
      <UniqueIdentifier>{8c8de42b-16ae-40f9-8e35-7e1662b0248f}</UniqueIdentifier>
    </Filter>
    <Filter Include="core\head">
      <UniqueIdentifier>{f0278398-3d92-4d39-a998-c28d1b7427c9}</UniqueIdentifier>
    </Filter>
    <Filter Include="graphic">
      <UniqueIdentifier>{b9722c3c-9f20-449f-8976-0f1ace020c19}</UniqueIdentifier>
    </Filter>
  </ItemGroup>
  <ItemGroup>
    <ClCompile Include="main.cpp">
      <Filter>源文件</Filter>
    </ClCompile>
    <ClCompile Include="jeecs_basic_arch_system.cpp">
      <Filter>basic</Filter>
    </ClCompile>
    <ClCompile Include="jeecs_basic_log.cpp">
      <Filter>basic</Filter>
    </ClCompile>
    <ClCompile Include="jeecs_basic_memory_mgr.cpp">
      <Filter>basic</Filter>
    </ClCompile>
    <ClCompile Include="jeecs_basic_time_sleep.cpp">
      <Filter>basic</Filter>
    </ClCompile>
    <ClCompile Include="jeecs_basic_type_mgr.cpp">
      <Filter>basic</Filter>
    </ClCompile>
    <ClCompile Include="jeecs_basic_uid.cpp">
      <Filter>basic</Filter>
    </ClCompile>
    <ClCompile Include="jeecs_core_register_system.cpp">
      <Filter>core</Filter>
    </ClCompile>
    <ClCompile Include="jeecs_graphic_api_impl_opengl.cpp">
      <Filter>graphic</Filter>
    </ClCompile>
  </ItemGroup>
  <ItemGroup>
    <ClInclude Include="jeecs.hpp">
      <Filter>头文件</Filter>
    </ClInclude>
    <ClInclude Include="jeecs_core_translation_system.hpp">
      <Filter>core\head</Filter>
    </ClInclude>
    <ClInclude Include="jeecs_core_graphic_system.h">
      <Filter>core\head</Filter>
    </ClInclude>
  </ItemGroup>
</Project>